
Microsoft Visual Studio Solution File, Format Version 12.00
# Visual Studio Version 17
VisualStudioVersion = 17.14.36705.20 d17.14
MinimumVisualStudioVersion = 10.0.40219.1
Project("{FAE04EC0-301F-11D3-BF4B-00C04F79EFBC}") = "ExchangeRateUpdater", "ExchangeRateUpdater\ExchangeRateUpdater.csproj", "{F718280A-7459-4E33-B42A-E19CB8ACE541}"
EndProject
Project("{FAE04EC0-301F-11D3-BF4B-00C04F79EFBC}") = "Demo", "Demo\Demo.csproj", "{4A3E62F0-B85E-4261-BBFD-354692E70DD6}"
EndProject
Global
	GlobalSection(SolutionConfigurationPlatforms) = preSolution
		Debug|Any CPU = Debug|Any CPU
		Release|Any CPU = Release|Any CPU
	EndGlobalSection
	GlobalSection(ProjectConfigurationPlatforms) = postSolution
		{F718280A-7459-4E33-B42A-E19CB8ACE541}.Debug|Any CPU.ActiveCfg = Debug|Any CPU
		{F718280A-7459-4E33-B42A-E19CB8ACE541}.Debug|Any CPU.Build.0 = Debug|Any CPU
		{F718280A-7459-4E33-B42A-E19CB8ACE541}.Release|Any CPU.ActiveCfg = Release|Any CPU
		{F718280A-7459-4E33-B42A-E19CB8ACE541}.Release|Any CPU.Build.0 = Release|Any CPU
		{4A3E62F0-B85E-4261-BBFD-354692E70DD6}.Debug|Any CPU.ActiveCfg = Debug|Any CPU
		{4A3E62F0-B85E-4261-BBFD-354692E70DD6}.Debug|Any CPU.Build.0 = Debug|Any CPU
		{4A3E62F0-B85E-4261-BBFD-354692E70DD6}.Release|Any CPU.ActiveCfg = Release|Any CPU
		{4A3E62F0-B85E-4261-BBFD-354692E70DD6}.Release|Any CPU.Build.0 = Release|Any CPU
	EndGlobalSection
	GlobalSection(SolutionProperties) = preSolution
		HideSolutionNode = FALSE
	EndGlobalSection
	GlobalSection(ExtensibilityGlobals) = postSolution
		SolutionGuid = {7BB53F43-2197-4A44-BBD1-967E5B8C1B6F}
	EndGlobalSection
EndGlobal
